<?xml version="1.0" encoding="utf-8"?>
<Project ToolsVersion="4.0" xmlns="http://schemas.microsoft.com/developer/msbuild/2003">
  <ItemGroup>
    <Filter Include="Source Files">
      <UniqueIdentifier>{4FC737F1-C7A5-4376-A066-2A32D752A2FF}</UniqueIdentifier>
      <Extensions>cpp;c;cc;cxx;c++;cppm;ixx;def;odl;idl;hpj;bat;asm;asmx</Extensions>
    </Filter>
    <Filter Include="Header Files">
      <UniqueIdentifier>{93995380-89BD-4b04-88EB-625FBE52EBFB}</UniqueIdentifier>
      <Extensions>h;hh;hpp;hxx;h++;hm;inl;inc;ipp;xsd</Extensions>
    </Filter>
    <Filter Include="Resource Files">
      <UniqueIdentifier>{67DA6AB6-F800-4c08-8B7A-83BB121AAD01}</UniqueIdentifier>
      <Extensions>rc;ico;cur;bmp;dlg;rc2;rct;bin;rgs;gif;jpg;jpeg;jpe;resx;tiff;tif;png;wav;mfcribbon-ms</Extensions>
    </Filter>
    <Filter Include="DLLs">
      <UniqueIdentifier>{ac8afebc-7a0f-4265-8ee7-32fd658415f4}</UniqueIdentifier>
    </Filter>
  </ItemGroup>
  <ItemGroup>
    <None Include="src\freeglut.dll">
      <Filter>DLLs</Filter>
    </None>
    <None Include="src\glfw3.dll">
      <Filter>DLLs</Filter>
    </None>
    <None Include="src\openal32.dll">
      <Filter>DLLs</Filter>
    </None>
    <None Include="src\sfml-audio-2.dll">
      <Filter>DLLs</Filter>
    </None>
    <None Include="src\sfml-audio-d-2.dll">
      <Filter>DLLs</Filter>
    </None>
    <None Include="src\sfml-graphics-2.dll">
      <Filter>DLLs</Filter>
    </None>
    <None Include="src\sfml-graphics-d-2.dll">
      <Filter>DLLs</Filter>
    </None>
    <None Include="src\sfml-network-2.dll">
      <Filter>DLLs</Filter>
    </None>
    <None Include="src\sfml-network-d-2.dll">
      <Filter>DLLs</Filter>
    </None>
    <None Include="src\sfml-system-2.dll">
      <Filter>DLLs</Filter>
    </None>
    <None Include="src\sfml-system-d-2.dll">
      <Filter>DLLs</Filter>
    </None>
    <None Include="src\sfml-window-2.dll">
      <Filter>DLLs</Filter>
    </None>
    <None Include="src\sfml-window-d-2.dll">
      <Filter>DLLs</Filter>
    </None>
  </ItemGroup>
  <ItemGroup>
    <ClCompile Include="src\glad.c">
      <Filter>Source Files</Filter>
    </ClCompile>
    <ClCompile Include="src\stb_image.cpp">
      <Filter>Source Files</Filter>
    </ClCompile>
    <ClCompile Include="main.cpp">
      <Filter>Source Files</Filter>
    </ClCompile>
  </ItemGroup>
</Project>